lockfileVersion: 5.4

specifiers:
  mongodb: ^5.0.0

dependencies:
  mongodb: registry.npmmirror.com/mongodb/5.1.0

packages:

  registry.npmmirror.com/@types/node/18.14.6:
    resolution: {integrity: sha512-93+VvleD3mXwlLI/xASjw0FzKcwzl3OdTCzm1LaRfqgS21gfFtK3zDXM5Op9TeeMsJVOaJ2VRDpT9q4Y3d0AvA==, registry: https://registry.npm.taobao.org/, tarball: https://registry.npmmirror.com/@types/node/-/node-18.14.6.tgz}
    name: '@types/node'
    version: 18.14.6
    dev: false

  registry.npmmirror.com/@types/webidl-conversions/7.0.0:
    resolution: {integrity: sha512-xTE1E+YF4aWPJJeUzaZI5DRntlkY3+BCVJi0axFptnjGmAoWxkyREIh/XMrfxVLejwQxMCfDXdICo0VLxThrog==, registry: https://registry.npm.taobao.org/, tarball: https://registry.npmmirror.com/@types/webidl-conversions/-/webidl-conversions-7.0.0.tgz}
    name: '@types/webidl-conversions'
    version: 7.0.0
    dev: false

  registry.npmmirror.com/@types/whatwg-url/8.2.2:
    resolution: {integrity: sha512-FtQu10RWgn3D9U4aazdwIE2yzphmTJREDqNdODHrbrZmmMqI0vMheC/6NE/J1Yveaj8H+ela+YwWTjq5PGmuhA==, registry: https://registry.npm.taobao.org/, tarball: https://registry.npmmirror.com/@types/whatwg-url/-/whatwg-url-8.2.2.tgz}
    name: '@types/whatwg-url'
    version: 8.2.2
    dependencies:
      '@types/node': registry.npmmirror.com/@types/node/18.14.6
      '@types/webidl-conversions': registry.npmmirror.com/@types/webidl-conversions/7.0.0
    dev: false

  registry.npmmirror.com/bson/5.0.1:
    resolution: {integrity: sha512-y09gBGusgHtinMon/GVbv1J6FrXhnr/+6hqLlSmEFzkz6PodqF6TxjyvfvY3AfO+oG1mgUtbC86xSbOlwvM62Q==, registry: https://registry.npm.taobao.org/, tarball: https://registry.npmmirror.com/bson/-/bson-5.0.1.tgz}
    name: bson
    version: 5.0.1
    engines: {node: '>=14.20.1'}
    dev: false

  registry.npmmirror.com/ip/2.0.0:
    resolution: {integrity: sha512-WKa+XuLG1A1R0UWhl2+1XQSi+fZWMsYKffMZTTYsiZaUD8k2yDAj5atimTUD2TZkyCkNEeYE5NhFZmupOGtjYQ==, registry: https://registry.npm.taobao.org/, tarball: https://registry.npmmirror.com/ip/-/ip-2.0.0.tgz}
    name: ip
    version: 2.0.0
    dev: false

  registry.npmmirror.com/memory-pager/1.5.0:
    resolution: {integrity: sha512-ZS4Bp4r/Zoeq6+NLJpP+0Zzm0pR8whtGPf1XExKLJBAczGMnSi3It14OiNCStjQjM6NU1okjQGSxgEZN8eBYKg==, registry: https://registry.npm.taobao.org/, tarball: https://registry.npmmirror.com/memory-pager/-/memory-pager-1.5.0.tgz}
    name: memory-pager
    version: 1.5.0
    dev: false
    optional: true

  registry.npmmirror.com/mongodb-connection-string-url/2.6.0:
    resolution: {integrity: sha512-WvTZlI9ab0QYtTYnuMLgobULWhokRjtC7db9LtcVfJ+Hsnyr5eo6ZtNAt3Ly24XZScGMelOcGtm7lSn0332tPQ==, registry: https://registry.npm.taobao.org/, tarball: https://registry.npmmirror.com/mongodb-connection-string-url/-/mongodb-connection-string-url-2.6.0.tgz}
    name: mongodb-connection-string-url
    version: 2.6.0
    dependencies:
      '@types/whatwg-url': registry.npmmirror.com/@types/whatwg-url/8.2.2
      whatwg-url: registry.npmmirror.com/whatwg-url/11.0.0
    dev: false

  registry.npmmirror.com/mongodb/5.1.0:
    resolution: {integrity: sha512-qgKb7y+EI90y4weY3z5+lIgm8wmexbonz0GalHkSElQXVKtRuwqXuhXKccyvIjXCJVy9qPV82zsinY0W1FBnJw==, registry: https://registry.npm.taobao.org/, tarball: https://registry.npmmirror.com/mongodb/-/mongodb-5.1.0.tgz}
    name: mongodb
    version: 5.1.0
    engines: {node: '>=14.20.1'}
    peerDependencies:
      '@aws-sdk/credential-providers': ^3.201.0
      mongodb-client-encryption: ^2.3.0
      snappy: ^7.2.2
    peerDependenciesMeta:
      '@aws-sdk/credential-providers':
        optional: true
      mongodb-client-encryption:
        optional: true
      snappy:
        optional: true
    dependencies:
      bson: registry.npmmirror.com/bson/5.0.1
      mongodb-connection-string-url: registry.npmmirror.com/mongodb-connection-string-url/2.6.0
      socks: registry.npmmirror.com/socks/2.7.1
    optionalDependencies:
      saslprep: registry.npmmirror.com/saslprep/1.0.3
    dev: false

  registry.npmmirror.com/punycode/2.3.0:
    resolution: {integrity: sha512-rRV+zQD8tVFys26lAGR9WUuS4iUAngJScM+ZRSKtvl5tKeZ2t5bvdNFdNHBW9FWR4guGHlgmsZ1G7BSm2wTbuA==, registry: https://registry.npm.taobao.org/, tarball: https://registry.npmmirror.com/punycode/-/punycode-2.3.0.tgz}
    name: punycode
    version: 2.3.0
    engines: {node: '>=6'}
    dev: false

  registry.npmmirror.com/saslprep/1.0.3:
    resolution: {integrity: sha512-/MY/PEMbk2SuY5sScONwhUDsV2p77Znkb/q3nSVstq/yQzYJOH/Azh29p9oJLsl3LnQwSvZDKagDGBsBwSooag==, registry: https://registry.npm.taobao.org/, tarball: https://registry.npmmirror.com/saslprep/-/saslprep-1.0.3.tgz}
    name: saslprep
    version: 1.0.3
    engines: {node: '>=6'}
    requiresBuild: true
    dependencies:
      sparse-bitfield: registry.npmmirror.com/sparse-bitfield/3.0.3
    dev: false
    optional: true

  registry.npmmirror.com/smart-buffer/4.2.0:
    resolution: {integrity: sha512-94hK0Hh8rPqQl2xXc3HsaBoOXKV20MToPkcXvwbISWLEs+64sBq5kFgn2kJDHb1Pry9yrP0dxrCI9RRci7RXKg==, registry: https://registry.npm.taobao.org/, tarball: https://registry.npmmirror.com/smart-buffer/-/smart-buffer-4.2.0.tgz}
    name: smart-buffer
    version: 4.2.0
    engines: {node: '>= 6.0.0', npm: '>= 3.0.0'}
    dev: false

  registry.npmmirror.com/socks/2.7.1:
    resolution: {integrity: sha512-7maUZy1N7uo6+WVEX6psASxtNlKaNVMlGQKkG/63nEDdLOWNbiUMoLK7X4uYoLhQstau72mLgfEWcXcwsaHbYQ==, registry: https://registry.npm.taobao.org/, tarball: https://registry.npmmirror.com/socks/-/socks-2.7.1.tgz}
    name: socks
    version: 2.7.1
    engines: {node: '>= 10.13.0', npm: '>= 3.0.0'}
    dependencies:
      ip: registry.npmmirror.com/ip/2.0.0
      smart-buffer: registry.npmmirror.com/smart-buffer/4.2.0
    dev: false

  registry.npmmirror.com/sparse-bitfield/3.0.3:
    resolution: {integrity: sha512-kvzhi7vqKTfkh0PZU+2D2PIllw2ymqJKujUcyPMd9Y75Nv4nPbGJZXNhxsgdQab2BmlDct1YnfQCguEvHr7VsQ==, registry: https://registry.npm.taobao.org/, tarball: https://registry.npmmirror.com/sparse-bitfield/-/sparse-bitfield-3.0.3.tgz}
    name: sparse-bitfield
    version: 3.0.3
    dependencies:
      memory-pager: registry.npmmirror.com/memory-pager/1.5.0
    dev: false
    optional: true

  registry.npmmirror.com/tr46/3.0.0:
    resolution: {integrity: sha512-l7FvfAHlcmulp8kr+flpQZmVwtu7nfRV7NZujtN0OqES8EL4O4e0qqzL0DC5gAvx/ZC/9lk6rhcUwYvkBnBnYA==, registry: https://registry.npm.taobao.org/, tarball: https://registry.npmmirror.com/tr46/-/tr46-3.0.0.tgz}
    name: tr46
    version: 3.0.0
    engines: {node: '>=12'}
    dependencies:
      punycode: registry.npmmirror.com/punycode/2.3.0
    dev: false

  registry.npmmirror.com/webidl-conversions/7.0.0:
    resolution: {integrity: sha512-VwddBukDzu71offAQR975unBIGqfKZpM+8ZX6ySk8nYhVoo5CYaZyzt3YBvYtRtO+aoGlqxPg/B87NGVZ/fu6g==, registry: https://registry.npm.taobao.org/, tarball: https://registry.npmmirror.com/webidl-conversions/-/webidl-conversions-7.0.0.tgz}
    name: webidl-conversions
    version: 7.0.0
    engines: {node: '>=12'}
    dev: false

  registry.npmmirror.com/whatwg-url/11.0.0:
    resolution: {integrity: sha512-RKT8HExMpoYx4igMiVMY83lN6UeITKJlBQ+vR/8ZJ8OCdSiN3RwCq+9gH0+Xzj0+5IrM6i4j/6LuvzbZIQgEcQ==, registry: https://registry.npm.taobao.org/, tarball: https://registry.npmmirror.com/whatwg-url/-/whatwg-url-11.0.0.tgz}
    name: whatwg-url
    version: 11.0.0
    engines: {node: '>=12'}
    dependencies:
      tr46: registry.npmmirror.com/tr46/3.0.0
      webidl-conversions: registry.npmmirror.com/webidl-conversions/7.0.0
    dev: false
