# THIS IS AN AUTOGENERATED FILE. DO NOT EDIT THIS FILE DIRECTLY.
# yarn lockfile v1


"@types/eslint-scope@^3.7.0":
  version "3.7.0"
  resolved "https://registry.npm.taobao.org/@types/eslint-scope/download/@types/eslint-scope-3.7.0.tgz?cache=0&sync_timestamp=1605053041345&other_urls=https%3A%2F%2Fregistry.npm.taobao.org%2F%40types%2Feslint-scope%2Fdownload%2F%40types%2Feslint-scope-3.7.0.tgz#4792816e31119ebd506902a482caec4951fabd86"
  integrity sha1-R5KBbjERnr1QaQKkgsrsSVH6vYY=
  dependencies:
    "@types/eslint" "*"
    "@types/estree" "*"

"@types/eslint@*":
  version "7.2.6"
  resolved "https://registry.npm.taobao.org/@types/eslint/download/@types/eslint-7.2.6.tgz?cache=0&sync_timestamp=1606904537787&other_urls=https%3A%2F%2Fregistry.npm.taobao.org%2F%40types%2Feslint%2Fdownload%2F%40types%2Feslint-7.2.6.tgz#5e9aff555a975596c03a98b59ecd103decc70c3c"
  integrity sha1-Xpr/VVqXVZbAOpi1ns0QPezHDDw=
  dependencies:
    "@types/estree" "*"
    "@types/json-schema" "*"

"@types/estree@*", "@types/estree@^0.0.45":
  version "0.0.45"
  resolved "https://registry.npm.taobao.org/@types/estree/download/@types/estree-0.0.45.tgz?cache=0&sync_timestamp=1605053042114&other_urls=https%3A%2F%2Fregistry.npm.taobao.org%2F%40types%2Festree%2Fdownload%2F%40types%2Festree-0.0.45.tgz#e9387572998e5ecdac221950dab3e8c3b16af884"
  integrity sha1-6Th1cpmOXs2sIhlQ2rPow7Fq+IQ=

"@types/json-schema@*", "@types/json-schema@^7.0.6":
  version "7.0.6"
  resolved "https://registry.npm.taobao.org/@types/json-schema/download/@types/json-schema-7.0.6.tgz#f4c7ec43e81b319a9815115031709f26987891f0"
  integrity sha1-9MfsQ+gbMZqYFRFQMXCfJph4kfA=

"@types/node@*":
  version "14.14.14"
  resolved "https://registry.npm.taobao.org/@types/node/download/@types/node-14.14.14.tgz?cache=0&sync_timestamp=1608047776716&other_urls=https%3A%2F%2Fregistry.npm.taobao.org%2F%40types%2Fnode%2Fdownload%2F%40types%2Fnode-14.14.14.tgz#f7fd5f3cc8521301119f63910f0fb965c7d761ae"
  integrity sha1-9/1fPMhSEwERn2ORDw+5ZcfXYa4=

"@webassemblyjs/ast@1.9.1":
  version "1.9.1"
  resolved "https://registry.npm.taobao.org/@webassemblyjs/ast/download/@webassemblyjs/ast-1.9.1.tgz#76c6937716d68bf1484c15139f5ed30b9abc8bb4"
  integrity sha1-dsaTdxbWi/FITBUTn17TC5q8i7Q=
  dependencies:
    "@webassemblyjs/helper-module-context" "1.9.1"
    "@webassemblyjs/helper-wasm-bytecode" "1.9.1"
    "@webassemblyjs/wast-parser" "1.9.1"

"@webassemblyjs/floating-point-hex-parser@1.9.1":
  version "1.9.1"
  resolved "https://registry.npm.taobao.org/@webassemblyjs/floating-point-hex-parser/download/@webassemblyjs/floating-point-hex-parser-1.9.1.tgz?cache=0&sync_timestamp=1601755793796&other_urls=https%3A%2F%2Fregistry.npm.taobao.org%2F%40webassemblyjs%2Ffloating-point-hex-parser%2Fdownload%2F%40webassemblyjs%2Ffloating-point-hex-parser-1.9.1.tgz#9eb0ff90a1cdeef51f36ba533ed9f06b5cdadd09"
  integrity sha1-nrD/kKHN7vUfNrpTPtnwa1za3Qk=

"@webassemblyjs/helper-api-error@1.9.1":
  version "1.9.1"
  resolved "https://registry.npm.taobao.org/@webassemblyjs/helper-api-error/download/@webassemblyjs/helper-api-error-1.9.1.tgz?cache=0&sync_timestamp=1601755796380&other_urls=https%3A%2F%2Fregistry.npm.taobao.org%2F%40webassemblyjs%2Fhelper-api-error%2Fdownload%2F%40webassemblyjs%2Fhelper-api-error-1.9.1.tgz#ad89015c4246cd7f5ed0556700237f8b9c2c752f"
  integrity sha1-rYkBXEJGzX9e0FVnACN/i5wsdS8=

"@webassemblyjs/helper-buffer@1.9.1":
  version "1.9.1"
  resolved "https://registry.npm.taobao.org/@webassemblyjs/helper-buffer/download/@webassemblyjs/helper-buffer-1.9.1.tgz#186e67ac25f9546ea7939759413987f157524133"
  integrity sha1-GG5nrCX5VG6nk5dZQTmH8VdSQTM=

"@webassemblyjs/helper-code-frame@1.9.1":
  version "1.9.1"
  resolved "https://registry.npm.taobao.org/@webassemblyjs/helper-code-frame/download/@webassemblyjs/helper-code-frame-1.9.1.tgz#aab177b7cc87a318a8f8664ad68e2c3828ebc42b"
  integrity sha1-qrF3t8yHoxio+GZK1o4sOCjrxCs=
  dependencies:
    "@webassemblyjs/wast-printer" "1.9.1"

"@webassemblyjs/helper-fsm@1.9.1":
  version "1.9.1"
  resolved "https://registry.npm.taobao.org/@webassemblyjs/helper-fsm/download/@webassemblyjs/helper-fsm-1.9.1.tgz?cache=0&sync_timestamp=1601755793123&other_urls=https%3A%2F%2Fregistry.npm.taobao.org%2F%40webassemblyjs%2Fhelper-fsm%2Fdownload%2F%40webassemblyjs%2Fhelper-fsm-1.9.1.tgz#527e91628e84d13d3573884b3dc4c53a81dcb911"
  integrity sha1-Un6RYo6E0T01c4hLPcTFOoHcuRE=

"@webassemblyjs/helper-module-context@1.9.1":
  version "1.9.1"
  resolved "https://registry.npm.taobao.org/@webassemblyjs/helper-module-context/download/@webassemblyjs/helper-module-context-1.9.1.tgz#778670b3d471f7cf093d1e7c0dde431b54310e16"
  integrity sha1-d4Zws9Rx988JPR58Dd5DG1QxDhY=
  dependencies:
    "@webassemblyjs/ast" "1.9.1"

"@webassemblyjs/helper-wasm-bytecode@1.9.1":
  version "1.9.1"
  resolved "https://registry.npm.taobao.org/@webassemblyjs/helper-wasm-bytecode/download/@webassemblyjs/helper-wasm-bytecode-1.9.1.tgz#563f59bcf409ccf469edde168b9426961ffbf6df"
  integrity sha1-Vj9ZvPQJzPRp7d4Wi5Qmlh/79t8=

"@webassemblyjs/helper-wasm-section@1.9.1":
  version "1.9.1"
  resolved "https://registry.npm.taobao.org/@webassemblyjs/helper-wasm-section/download/@webassemblyjs/helper-wasm-section-1.9.1.tgz#f7988f94c12b01b99a16120cb01dc099b00e4798"
  integrity sha1-95iPlMErAbmaFhIMsB3AmbAOR5g=
  dependencies:
    "@webassemblyjs/ast" "1.9.1"
    "@webassemblyjs/helper-buffer" "1.9.1"
    "@webassemblyjs/helper-wasm-bytecode" "1.9.1"
    "@webassemblyjs/wasm-gen" "1.9.1"

"@webassemblyjs/ieee754@1.9.1":
  version "1.9.1"
  resolved "https://registry.npm.taobao.org/@webassemblyjs/ieee754/download/@webassemblyjs/ieee754-1.9.1.tgz#3b715871ca7d75784717cf9ceca9d7b81374b8af"
  integrity sha1-O3FYccp9dXhHF8+c7KnXuBN0uK8=
  dependencies:
    "@xtuc/ieee754" "^1.2.0"

"@webassemblyjs/leb128@1.9.1":
  version "1.9.1"
  resolved "https://registry.npm.taobao.org/@webassemblyjs/leb128/download/@webassemblyjs/leb128-1.9.1.tgz#b2ecaa39f9e8277cc9c707c1ca8b2aa7b27d0b72"
  integrity sha1-suyqOfnoJ3zJxwfByosqp7J9C3I=
  dependencies:
    "@xtuc/long" "4.2.2"

"@webassemblyjs/utf8@1.9.1":
  version "1.9.1"
  resolved "https://registry.npm.taobao.org/@webassemblyjs/utf8/download/@webassemblyjs/utf8-1.9.1.tgz#d02d9daab85cda3211e43caf31dca74c260a73b0"
  integrity sha1-0C2dqrhc2jIR5DyvMdynTCYKc7A=

"@webassemblyjs/wasm-edit@1.9.1":
  version "1.9.1"
  resolved "https://registry.npm.taobao.org/@webassemblyjs/wasm-edit/download/@webassemblyjs/wasm-edit-1.9.1.tgz#e27a6bdbf78e5c72fa812a2fc3cbaad7c3e37578"
  integrity sha1-4npr2/eOXHL6gSovw8uq18PjdXg=
  dependencies:
    "@webassemblyjs/ast" "1.9.1"
    "@webassemblyjs/helper-buffer" "1.9.1"
    "@webassemblyjs/helper-wasm-bytecode" "1.9.1"
    "@webassemblyjs/helper-wasm-section" "1.9.1"
    "@webassemblyjs/wasm-gen" "1.9.1"
    "@webassemblyjs/wasm-opt" "1.9.1"
    "@webassemblyjs/wasm-parser" "1.9.1"
    "@webassemblyjs/wast-printer" "1.9.1"

"@webassemblyjs/wasm-gen@1.9.1":
  version "1.9.1"
  resolved "https://registry.npm.taobao.org/@webassemblyjs/wasm-gen/download/@webassemblyjs/wasm-gen-1.9.1.tgz#56a0787d1fa7994fdc7bea59004e5bec7189c5fc"
  integrity sha1-VqB4fR+nmU/ce+pZAE5b7HGJxfw=
  dependencies:
    "@webassemblyjs/ast" "1.9.1"
    "@webassemblyjs/helper-wasm-bytecode" "1.9.1"
    "@webassemblyjs/ieee754" "1.9.1"
    "@webassemblyjs/leb128" "1.9.1"
    "@webassemblyjs/utf8" "1.9.1"

"@webassemblyjs/wasm-opt@1.9.1":
  version "1.9.1"
  resolved "https://registry.npm.taobao.org/@webassemblyjs/wasm-opt/download/@webassemblyjs/wasm-opt-1.9.1.tgz?cache=0&sync_timestamp=1601755799211&other_urls=https%3A%2F%2Fregistry.npm.taobao.org%2F%40webassemblyjs%2Fwasm-opt%2Fdownload%2F%40webassemblyjs%2Fwasm-opt-1.9.1.tgz#fbdf8943a825e6dcc4cd69c3e092289fa4aec96c"
  integrity sha1-+9+JQ6gl5tzEzWnD4JIon6SuyWw=
  dependencies:
    "@webassemblyjs/ast" "1.9.1"
    "@webassemblyjs/helper-buffer" "1.9.1"
    "@webassemblyjs/wasm-gen" "1.9.1"
    "@webassemblyjs/wasm-parser" "1.9.1"

"@webassemblyjs/wasm-parser@1.9.1":
  version "1.9.1"
  resolved "https://registry.npm.taobao.org/@webassemblyjs/wasm-parser/download/@webassemblyjs/wasm-parser-1.9.1.tgz#5e8352a246d3f605312c8e414f7990de55aaedfa"
  integrity sha1-XoNSokbT9gUxLI5BT3mQ3lWq7fo=
  dependencies:
    "@webassemblyjs/ast" "1.9.1"
    "@webassemblyjs/helper-api-error" "1.9.1"
    "@webassemblyjs/helper-wasm-bytecode" "1.9.1"
    "@webassemblyjs/ieee754" "1.9.1"
    "@webassemblyjs/leb128" "1.9.1"
    "@webassemblyjs/utf8" "1.9.1"

"@webassemblyjs/wast-parser@1.9.1":
  version "1.9.1"
  resolved "https://registry.npm.taobao.org/@webassemblyjs/wast-parser/download/@webassemblyjs/wast-parser-1.9.1.tgz#e25ef13585c060073c1db0d6bd94340fdeee7596"
  integrity sha1-4l7xNYXAYAc8HbDWvZQ0D97udZY=
  dependencies:
    "@webassemblyjs/ast" "1.9.1"
    "@webassemblyjs/floating-point-hex-parser" "1.9.1"
    "@webassemblyjs/helper-api-error" "1.9.1"
    "@webassemblyjs/helper-code-frame" "1.9.1"
    "@webassemblyjs/helper-fsm" "1.9.1"
    "@xtuc/long" "4.2.2"

"@webassemblyjs/wast-printer@1.9.1":
  version "1.9.1"
  resolved "https://registry.npm.taobao.org/@webassemblyjs/wast-printer/download/@webassemblyjs/wast-printer-1.9.1.tgz?cache=0&sync_timestamp=1601755800882&other_urls=https%3A%2F%2Fregistry.npm.taobao.org%2F%40webassemblyjs%2Fwast-printer%2Fdownload%2F%40webassemblyjs%2Fwast-printer-1.9.1.tgz#b9f38e93652037d4f3f9c91584635af4191ed7c1"
  integrity sha1-ufOOk2UgN9Tz+ckVhGNa9Bke18E=
  dependencies:
    "@webassemblyjs/ast" "1.9.1"
    "@webassemblyjs/wast-parser" "1.9.1"
    "@xtuc/long" "4.2.2"

"@webpack-cli/info@^1.1.0":
  version "1.1.0"
  resolved "https://registry.npm.taobao.org/@webpack-cli/info/download/@webpack-cli/info-1.1.0.tgz?cache=0&sync_timestamp=1604513685913&other_urls=https%3A%2F%2Fregistry.npm.taobao.org%2F%40webpack-cli%2Finfo%2Fdownload%2F%40webpack-cli%2Finfo-1.1.0.tgz#c596d5bc48418b39df00c5ed7341bf0f102dbff1"
  integrity sha1-xZbVvEhBiznfAMXtc0G/DxAtv/E=
  dependencies:
    envinfo "^7.7.3"

"@webpack-cli/serve@^1.1.0":
  version "1.1.0"
  resolved "https://registry.npm.taobao.org/@webpack-cli/serve/download/@webpack-cli/serve-1.1.0.tgz?cache=0&sync_timestamp=1604513685819&other_urls=https%3A%2F%2Fregistry.npm.taobao.org%2F%40webpack-cli%2Fserve%2Fdownload%2F%40webpack-cli%2Fserve-1.1.0.tgz#13ad38f89b6e53d1133bac0006a128217a6ebf92"
  integrity sha1-E604+JtuU9ETO6wABqEoIXpuv5I=

"@xtuc/ieee754@^1.2.0":
  version "1.2.0"
  resolved "https://registry.npm.taobao.org/@xtuc/ieee754/download/@xtuc/ieee754-1.2.0.tgz#eef014a3145ae477a1cbc00cd1e552336dceb790"
  integrity sha1-7vAUoxRa5Hehy8AM0eVSM23Ot5A=

"@xtuc/long@4.2.2":
  version "4.2.2"
  resolved "https://registry.npm.taobao.org/@xtuc/long/download/@xtuc/long-4.2.2.tgz#d291c6a4e97989b5c61d9acf396ae4fe133a718d"
  integrity sha1-0pHGpOl5ibXGHZrPOWrk/hM6cY0=

acorn@^8.0.4:
  version "8.0.4"
  resolved "https://registry.npm.taobao.org/acorn/download/acorn-8.0.4.tgz?cache=0&sync_timestamp=1602534280466&other_urls=https%3A%2F%2Fregistry.npm.taobao.org%2Facorn%2Fdownload%2Facorn-8.0.4.tgz#7a3ae4191466a6984eee0fe3407a4f3aa9db8354"
  integrity sha1-ejrkGRRmpphO7g/jQHpPOqnbg1Q=

ajv-keywords@^3.5.2:
  version "3.5.2"
  resolved "https://registry.npm.taobao.org/ajv-keywords/download/ajv-keywords-3.5.2.tgz?cache=0&sync_timestamp=1608062556009&other_urls=https%3A%2F%2Fregistry.npm.taobao.org%2Fajv-keywords%2Fdownload%2Fajv-keywords-3.5.2.tgz#31f29da5ab6e00d1c2d329acf7b5929614d5014d"
  integrity sha1-MfKdpatuANHC0yms97WSlhTVAU0=

ajv@^6.12.5:
  version "6.12.6"
  resolved "https://registry.npm.taobao.org/ajv/download/ajv-6.12.6.tgz?cache=0&sync_timestamp=1608401540246&other_urls=https%3A%2F%2Fregistry.npm.taobao.org%2Fajv%2Fdownload%2Fajv-6.12.6.tgz#baf5a62e802b07d977034586f8c3baf5adf26df4"
  integrity sha1-uvWmLoArB9l3A0WG+MO69a3ybfQ=
  dependencies:
    fast-deep-equal "^3.1.1"
    fast-json-stable-stringify "^2.0.0"
    json-schema-traverse "^0.4.1"
    uri-js "^4.2.2"

ansi-colors@^4.1.1:
  version "4.1.1"
  resolved "https://registry.npm.taobao.org/ansi-colors/download/ansi-colors-4.1.1.tgz#cbb9ae256bf750af1eab344f229aa27fe94ba348"
  integrity sha1-y7muJWv3UK8eqzRPIpqif+lLo0g=

ansi-styles@^3.2.1:
  version "3.2.1"
  resolved "https://registry.npm.taobao.org/ansi-styles/download/ansi-styles-3.2.1.tgz?cache=0&sync_timestamp=1606792255762&other_urls=https%3A%2F%2Fregistry.npm.taobao.org%2Fansi-styles%2Fdownload%2Fansi-styles-3.2.1.tgz#41fbb20243e50b12be0f04b8dedbf07520ce841d"
  integrity sha1-QfuyAkPlCxK+DwS43tvwdSDOhB0=
  dependencies:
    color-convert "^1.9.0"

array-back@^4.0.1:
  version "4.0.1"
  resolved "https://registry.npm.taobao.org/array-back/download/array-back-4.0.1.tgz#9b80312935a52062e1a233a9c7abeb5481b30e90"
  integrity sha1-m4AxKTWlIGLhojOpx6vrVIGzDpA=

browserslist@^4.14.5:
  version "4.16.0"
  resolved "https://registry.npm.taobao.org/browserslist/download/browserslist-4.16.0.tgz?cache=0&sync_timestamp=1607663784354&other_urls=https%3A%2F%2Fregistry.npm.taobao.org%2Fbrowserslist%2Fdownload%2Fbrowserslist-4.16.0.tgz#410277627500be3cb28a1bfe037586fbedf9488b"
  integrity sha1-QQJ3YnUAvjyyihv+A3WG++35SIs=
  dependencies:
    caniuse-lite "^1.0.30001165"
    colorette "^1.2.1"
    electron-to-chromium "^1.3.621"
    escalade "^3.1.1"
    node-releases "^1.1.67"

buffer-from@^1.0.0:
  version "1.1.1"
  resolved "https://registry.npm.taobao.org/buffer-from/download/buffer-from-1.1.1.tgz#32713bc028f75c02fdb710d7c7bcec1f2c6070ef"
  integrity sha1-MnE7wCj3XAL9txDXx7zsHyxgcO8=

caniuse-lite@^1.0.30001165:
  version "1.0.30001170"
  resolved "https://registry.npm.taobao.org/caniuse-lite/download/caniuse-lite-1.0.30001170.tgz?cache=0&sync_timestamp=1608444145107&other_urls=https%3A%2F%2Fregistry.npm.taobao.org%2Fcaniuse-lite%2Fdownload%2Fcaniuse-lite-1.0.30001170.tgz#0088bfecc6a14694969e391cc29d7eb6362ca6a7"
  integrity sha1-AIi/7MahRpSWnjkcwp1+tjYspqc=

chalk@^2.4.2:
  version "2.4.2"
  resolved "https://registry.npm.taobao.org/chalk/download/chalk-2.4.2.tgz?cache=0&sync_timestamp=1591687042638&other_urls=https%3A%2F%2Fregistry.npm.taobao.org%2Fchalk%2Fdownload%2Fchalk-2.4.2.tgz#cd42541677a54333cf541a49108c1432b44c9424"
  integrity sha1-zUJUFnelQzPPVBpJEIwUMrRMlCQ=
  dependencies:
    ansi-styles "^3.2.1"
    escape-string-regexp "^1.0.5"
    supports-color "^5.3.0"

chrome-trace-event@^1.0.2:
  version "1.0.2"
  resolved "https://registry.npm.taobao.org/chrome-trace-event/download/chrome-trace-event-1.0.2.tgz#234090ee97c7d4ad1a2c4beae27505deffc608a4"
  integrity sha1-I0CQ7pfH1K0aLEvq4nUF3v/GCKQ=
  dependencies:
    tslib "^1.9.0"

color-convert@^1.9.0:
  version "1.9.3"
  resolved "https://registry.npm.taobao.org/color-convert/download/color-convert-1.9.3.tgz#bb71850690e1f136567de629d2d5471deda4c1e8"
  integrity sha1-u3GFBpDh8TZWfeYp0tVHHe2kweg=
  dependencies:
    color-name "1.1.3"

color-name@1.1.3:
  version "1.1.3"
  resolved "https://registry.npm.taobao.org/color-name/download/color-name-1.1.3.tgz#a7d0558bd89c42f795dd42328f740831ca53bc25"
  integrity sha1-p9BVi9icQveV3UIyj3QIMcpTvCU=

colorette@^1.2.1:
  version "1.2.1"
  resolved "https://registry.npm.taobao.org/colorette/download/colorette-1.2.1.tgz?cache=0&sync_timestamp=1593955783467&other_urls=https%3A%2F%2Fregistry.npm.taobao.org%2Fcolorette%2Fdownload%2Fcolorette-1.2.1.tgz#4d0b921325c14faf92633086a536db6e89564b1b"
  integrity sha1-TQuSEyXBT6+SYzCGpTbbbolWSxs=

command-line-usage@^6.1.0:
  version "6.1.1"
  resolved "https://registry.npm.taobao.org/command-line-usage/download/command-line-usage-6.1.1.tgz#c908e28686108917758a49f45efb4f02f76bc03f"
  integrity sha1-yQjihoYQiRd1ikn0XvtPAvdrwD8=
  dependencies:
    array-back "^4.0.1"
    chalk "^2.4.2"
    table-layout "^1.0.1"
    typical "^5.2.0"

commander@^2.20.0:
  version "2.20.3"
  resolved "https://registry.npm.taobao.org/commander/download/commander-2.20.3.tgz?cache=0&sync_timestamp=1607933602027&other_urls=https%3A%2F%2Fregistry.npm.taobao.org%2Fcommander%2Fdownload%2Fcommander-2.20.3.tgz#fd485e84c03eb4881c20722ba48035e8531aeb33"
  integrity sha1-/UhehMA+tIgcIHIrpIA16FMa6zM=

commander@^6.2.0:
  version "6.2.1"
  resolved "https://registry.npm.taobao.org/commander/download/commander-6.2.1.tgz?cache=0&sync_timestamp=1607933602027&other_urls=https%3A%2F%2Fregistry.npm.taobao.org%2Fcommander%2Fdownload%2Fcommander-6.2.1.tgz#0792eb682dfbc325999bb2b84fddddba110ac73c"
  integrity sha1-B5LraC37wyWZm7K4T93duhEKxzw=

cross-spawn@^7.0.0:
  version "7.0.3"
  resolved "https://registry.npm.taobao.org/cross-spawn/download/cross-spawn-7.0.3.tgz#f73a85b9d5d41d045551c177e2882d4ac85728a6"
  integrity sha1-9zqFudXUHQRVUcF34ogtSshXKKY=
  dependencies:
    path-key "^3.1.0"
    shebang-command "^2.0.0"
    which "^2.0.1"

deep-extend@~0.6.0:
  version "0.6.0"
  resolved "https://registry.npm.taobao.org/deep-extend/download/deep-extend-0.6.0.tgz#c4fa7c95404a17a9c3e8ca7e1537312b736330ac"
  integrity sha1-xPp8lUBKF6nD6Mp+FTcxK3NjMKw=

electron-to-chromium@^1.3.621:
  version "1.3.631"
  resolved "https://registry.npm.taobao.org/electron-to-chromium/download/electron-to-chromium-1.3.631.tgz?cache=0&sync_timestamp=1608604429592&other_urls=https%3A%2F%2Fregistry.npm.taobao.org%2Felectron-to-chromium%2Fdownload%2Felectron-to-chromium-1.3.631.tgz#b28ebc7bfb348bb0aede2fae8888d775ddb6f5ee"
  integrity sha1-so68e/s0i7Cu3i+uiIjXdd229e4=

end-of-stream@^1.1.0:
  version "1.4.4"
  resolved "https://registry.npm.taobao.org/end-of-stream/download/end-of-stream-1.4.4.tgz#5ae64a5f45057baf3626ec14da0ca5e4b2431eb0"
  integrity sha1-WuZKX0UFe682JuwU2gyl5LJDHrA=
  dependencies:
    once "^1.4.0"

enhanced-resolve@^5.3.1:
  version "5.4.1"
  resolved "https://registry.npm.taobao.org/enhanced-resolve/download/enhanced-resolve-5.4.1.tgz?cache=0&sync_timestamp=1608557501370&other_urls=https%3A%2F%2Fregistry.npm.taobao.org%2Fenhanced-resolve%2Fdownload%2Fenhanced-resolve-5.4.1.tgz#c89b0c34f17f931902ef2913a125d4b825b49b6f"
  integrity sha1-yJsMNPF/kxkC7ykToSXUuCW0m28=
  dependencies:
    graceful-fs "^4.2.4"
    tapable "^2.2.0"

enquirer@^2.3.6:
  version "2.3.6"
  resolved "https://registry.npm.taobao.org/enquirer/download/enquirer-2.3.6.tgz?cache=0&sync_timestamp=1593693195602&other_urls=https%3A%2F%2Fregistry.npm.taobao.org%2Fenquirer%2Fdownload%2Fenquirer-2.3.6.tgz#2a7fe5dd634a1e4125a975ec994ff5456dc3734d"
  integrity sha1-Kn/l3WNKHkElqXXsmU/1RW3Dc00=
  dependencies:
    ansi-colors "^4.1.1"

envinfo@^7.7.3:
  version "7.7.3"
  resolved "https://registry.npm.taobao.org/envinfo/download/envinfo-7.7.3.tgz?cache=0&sync_timestamp=1598316609320&other_urls=https%3A%2F%2Fregistry.npm.taobao.org%2Fenvinfo%2Fdownload%2Fenvinfo-7.7.3.tgz#4b2d8622e3e7366afb8091b23ed95569ea0208cc"
  integrity sha1-Sy2GIuPnNmr7gJGyPtlVaeoCCMw=

escalade@^3.1.1:
  version "3.1.1"
  resolved "https://registry.npm.taobao.org/escalade/download/escalade-3.1.1.tgz?cache=0&sync_timestamp=1602567261690&other_urls=https%3A%2F%2Fregistry.npm.taobao.org%2Fescalade%2Fdownload%2Fescalade-3.1.1.tgz#d8cfdc7000965c5a0174b4a82eaa5c0552742e40"
  integrity sha1-2M/ccACWXFoBdLSoLqpcBVJ0LkA=

escape-string-regexp@^1.0.5:
  version "1.0.5"
  resolved "https://registry.npm.taobao.org/escape-string-regexp/download/escape-string-regexp-1.0.5.tgz#1b61c0562190a8dff6ae3bb2cf0200ca130b86d4"
  integrity sha1-G2HAViGQqN/2rjuyzwIAyhMLhtQ=

eslint-scope@^5.1.1:
  version "5.1.1"
  resolved "https://registry.npm.taobao.org/eslint-scope/download/eslint-scope-5.1.1.tgz?cache=0&sync_timestamp=1599933677754&other_urls=https%3A%2F%2Fregistry.npm.taobao.org%2Feslint-scope%2Fdownload%2Feslint-scope-5.1.1.tgz#e786e59a66cb92b3f6c1fb0d508aab174848f48c"
  integrity sha1-54blmmbLkrP2wfsNUIqrF0hI9Iw=
  dependencies:
    esrecurse "^4.3.0"
    estraverse "^4.1.1"

esrecurse@^4.3.0:
  version "4.3.0"
  resolved "https://registry.npm.taobao.org/esrecurse/download/esrecurse-4.3.0.tgz#7ad7964d679abb28bee72cec63758b1c5d2c9921"
  integrity sha1-eteWTWeauyi+5yzsY3WLHF0smSE=
  dependencies:
    estraverse "^5.2.0"

estraverse@^4.1.1:
  version "4.3.0"
  resolved "https://registry.npm.taobao.org/estraverse/download/estraverse-4.3.0.tgz?cache=0&sync_timestamp=1596642941915&other_urls=https%3A%2F%2Fregistry.npm.taobao.org%2Festraverse%2Fdownload%2Festraverse-4.3.0.tgz#398ad3f3c5a24948be7725e83d11a7de28cdbd1d"
  integrity sha1-OYrT88WiSUi+dyXoPRGn3ijNvR0=

estraverse@^5.2.0:
  version "5.2.0"
  resolved "https://registry.npm.taobao.org/estraverse/download/estraverse-5.2.0.tgz?cache=0&sync_timestamp=1596642941915&other_urls=https%3A%2F%2Fregistry.npm.taobao.org%2Festraverse%2Fdownload%2Festraverse-5.2.0.tgz#307df42547e6cc7324d3cf03c155d5cdb8c53880"
  integrity sha1-MH30JUfmzHMk088DwVXVzbjFOIA=

events@^3.2.0:
  version "3.2.0"
  resolved "https://registry.npm.taobao.org/events/download/events-3.2.0.tgz?cache=0&sync_timestamp=1595422602348&other_urls=https%3A%2F%2Fregistry.npm.taobao.org%2Fevents%2Fdownload%2Fevents-3.2.0.tgz#93b87c18f8efcd4202a461aec4dfc0556b639379"
  integrity sha1-k7h8GPjvzUICpGGuxN/AVWtjk3k=

execa@^4.1.0:
  version "4.1.0"
  resolved "https://registry.npm.taobao.org/execa/download/execa-4.1.0.tgz?cache=0&sync_timestamp=1606970920652&other_urls=https%3A%2F%2Fregistry.npm.taobao.org%2Fexeca%2Fdownload%2Fexeca-4.1.0.tgz#4e5491ad1572f2f17a77d388c6c857135b22847a"
  integrity sha1-TlSRrRVy8vF6d9OIxshXE1sihHo=
  dependencies:
    cross-spawn "^7.0.0"
    get-stream "^5.0.0"
    human-signals "^1.1.1"
    is-stream "^2.0.0"
    merge-stream "^2.0.0"
    npm-run-path "^4.0.0"
    onetime "^5.1.0"
    signal-exit "^3.0.2"
    strip-final-newline "^2.0.0"

fast-deep-equal@^3.1.1:
  version "3.1.3"
  resolved "https://registry.npm.taobao.org/fast-deep-equal/download/fast-deep-equal-3.1.3.tgz#3a7d56b559d6cbc3eb512325244e619a65c6c525"
  integrity sha1-On1WtVnWy8PrUSMlJE5hmmXGxSU=

fast-json-stable-stringify@^2.0.0:
  version "2.1.0"
  resolved "https://registry.npm.taobao.org/fast-json-stable-stringify/download/fast-json-stable-stringify-2.1.0.tgz#874bf69c6f404c2b5d99c481341399fd55892633"
  integrity sha1-h0v2nG9ATCtdmcSBNBOZ/VWJJjM=

find-up@^4.0.0:
  version "4.1.0"
  resolved "https://registry.npm.taobao.org/find-up/download/find-up-4.1.0.tgz#97afe7d6cdc0bc5928584b7c8d7b16e8a9aa5d19"
  integrity sha1-l6/n1s3AvFkoWEt8jXsW6KmqXRk=
  dependencies:
    locate-path "^5.0.0"
    path-exists "^4.0.0"

find-up@^5.0.0:
  version "5.0.0"
  resolved "https://registry.npm.taobao.org/find-up/download/find-up-5.0.0.tgz#4c92819ecb7083561e4f4a240a86be5198f536fc"
  integrity sha1-TJKBnstwg1YeT0okCoa+UZj1Nvw=
  dependencies:
    locate-path "^6.0.0"
    path-exists "^4.0.0"

function-bind@^1.1.1:
  version "1.1.1"
  resolved "https://registry.npm.taobao.org/function-bind/download/function-bind-1.1.1.tgz#a56899d3ea3c9bab874bb9773b7c5ede92f4895d"
  integrity sha1-pWiZ0+o8m6uHS7l3O3xe3pL0iV0=

get-stream@^5.0.0:
  version "5.2.0"
  resolved "https://registry.npm.taobao.org/get-stream/download/get-stream-5.2.0.tgz?cache=0&sync_timestamp=1597056535605&other_urls=https%3A%2F%2Fregistry.npm.taobao.org%2Fget-stream%2Fdownload%2Fget-stream-5.2.0.tgz#4966a1795ee5ace65e706c4b7beb71257d6e22d3"
  integrity sha1-SWaheV7lrOZecGxLe+txJX1uItM=
  dependencies:
    pump "^3.0.0"

glob-to-regexp@^0.4.1:
  version "0.4.1"
  resolved "https://registry.npm.taobao.org/glob-to-regexp/download/glob-to-regexp-0.4.1.tgz#c75297087c851b9a578bd217dd59a92f59fe546e"
  integrity sha1-x1KXCHyFG5pXi9IX3VmpL1n+VG4=

graceful-fs@^4.1.2, graceful-fs@^4.2.4:
  version "4.2.4"
  resolved "https://registry.npm.taobao.org/graceful-fs/download/graceful-fs-4.2.4.tgz#2256bde14d3632958c465ebc96dc467ca07a29fb"
  integrity sha1-Ila94U02MpWMRl68ltxGfKB6Kfs=

has-flag@^3.0.0:
  version "3.0.0"
  resolved "https://registry.npm.taobao.org/has-flag/download/has-flag-3.0.0.tgz#b5d454dc2199ae225699f3467e5a07f3b955bafd"
  integrity sha1-tdRU3CGZriJWmfNGfloH87lVuv0=

has-flag@^4.0.0:
  version "4.0.0"
  resolved "https://registry.npm.taobao.org/has-flag/download/has-flag-4.0.0.tgz#944771fd9c81c81265c4d6941860da06bb59479b"
  integrity sha1-lEdx/ZyByBJlxNaUGGDaBrtZR5s=

has@^1.0.3:
  version "1.0.3"
  resolved "https://registry.npm.taobao.org/has/download/has-1.0.3.tgz#722d7cbfc1f6aa8241f16dd814e011e1f41e8796"
  integrity sha1-ci18v8H2qoJB8W3YFOAR4fQeh5Y=
  dependencies:
    function-bind "^1.1.1"

human-signals@^1.1.1:
  version "1.1.1"
  resolved "https://registry.npm.taobao.org/human-signals/download/human-signals-1.1.1.tgz#c5b1cd14f50aeae09ab6c59fe63ba3395fe4dfa3"
  integrity sha1-xbHNFPUK6uCatsWf5jujOV/k36M=

import-local@^3.0.2:
  version "3.0.2"
  resolved "https://registry.npm.taobao.org/import-local/download/import-local-3.0.2.tgz#a8cfd0431d1de4a2199703d003e3e62364fa6db6"
  integrity sha1-qM/QQx0d5KIZlwPQA+PmI2T6bbY=
  dependencies:
    pkg-dir "^4.2.0"
    resolve-cwd "^3.0.0"

interpret@^2.2.0:
  version "2.2.0"
  resolved "https://registry.npm.taobao.org/interpret/download/interpret-2.2.0.tgz#1a78a0b5965c40a5416d007ad6f50ad27c417df9"
  integrity sha1-GnigtZZcQKVBbQB61vUK0nxBffk=

is-core-module@^2.1.0:
  version "2.2.0"
  resolved "https://registry.npm.taobao.org/is-core-module/download/is-core-module-2.2.0.tgz#97037ef3d52224d85163f5597b2b63d9afed981a"
  integrity sha1-lwN+89UiJNhRY/VZeytj2a/tmBo=
  dependencies:
    has "^1.0.3"

is-stream@^2.0.0:
  version "2.0.0"
  resolved "https://registry.npm.taobao.org/is-stream/download/is-stream-2.0.0.tgz#bde9c32680d6fae04129d6ac9d921ce7815f78e3"
  integrity sha1-venDJoDW+uBBKdasnZIc54FfeOM=

isexe@^2.0.0:
  version "2.0.0"
  resolved "https://registry.npm.taobao.org/isexe/download/isexe-2.0.0.tgz#e8fbf374dc556ff8947a10dcb0572d633f2cfa10"
  integrity sha1-6PvzdNxVb/iUehDcsFctYz8s+hA=

jest-worker@^26.6.1:
  version "26.6.2"
  resolved "https://registry.npm.taobao.org/jest-worker/download/jest-worker-26.6.2.tgz#7f72cbc4d643c365e27b9fd775f9d0eaa9c7a8ed"
  integrity sha1-f3LLxNZDw2Xie5/XdfnQ6qnHqO0=
  dependencies:
    "@types/node" "*"
    merge-stream "^2.0.0"
    supports-color "^7.0.0"

json-parse-better-errors@^1.0.2:
  version "1.0.2"
  resolved "https://registry.npm.taobao.org/json-parse-better-errors/download/json-parse-better-errors-1.0.2.tgz#bb867cfb3450e69107c131d1c514bab3dc8bcaa9"
  integrity sha1-u4Z8+zRQ5pEHwTHRxRS6s9yLyqk=

json-schema-traverse@^0.4.1:
  version "0.4.1"
  resolved "https://registry.npm.taobao.org/json-schema-traverse/download/json-schema-traverse-0.4.1.tgz?cache=0&sync_timestamp=1608000211395&other_urls=https%3A%2F%2Fregistry.npm.taobao.org%2Fjson-schema-traverse%2Fdownload%2Fjson-schema-traverse-0.4.1.tgz#69f6a87d9513ab8bb8fe63bdb0979c448e684660"
  integrity sha1-afaofZUTq4u4/mO9sJecRI5oRmA=

leven@^3.1.0:
  version "3.1.0"
  resolved "https://registry.npm.taobao.org/leven/download/leven-3.1.0.tgz#77891de834064cccba82ae7842bb6b14a13ed7f2"
  integrity sha1-d4kd6DQGTMy6gq54QrtrFKE+1/I=

loader-runner@^4.1.0:
  version "4.1.0"
  resolved "https://registry.npm.taobao.org/loader-runner/download/loader-runner-4.1.0.tgz#f70bc0c29edbabdf2043e7ee73ccc3fe1c96b42d"
  integrity sha1-9wvAwp7bq98gQ+fuc8zD/hyWtC0=

locate-path@^5.0.0:
  version "5.0.0"
  resolved "https://registry.npm.taobao.org/locate-path/download/locate-path-5.0.0.tgz#1afba396afd676a6d42504d0a67a3a7eb9f62aa0"
  integrity sha1-Gvujlq/WdqbUJQTQpno6frn2KqA=
  dependencies:
    p-locate "^4.1.0"

locate-path@^6.0.0:
  version "6.0.0"
  resolved "https://registry.npm.taobao.org/locate-path/download/locate-path-6.0.0.tgz#55321eb309febbc59c4801d931a72452a681d286"
  integrity sha1-VTIeswn+u8WcSAHZMackUqaB0oY=
  dependencies:
    p-locate "^5.0.0"

lodash@^4.17.15:
  version "4.17.20"
  resolved "https://registry.npm.taobao.org/lodash/download/lodash-4.17.20.tgz?cache=0&sync_timestamp=1597336147792&other_urls=https%3A%2F%2Fregistry.npm.taobao.org%2Flodash%2Fdownload%2Flodash-4.17.20.tgz#b44a9b6297bcb698f1c51a3545a2b3b368d59c52"
  integrity sha1-tEqbYpe8tpjxxRo1RaKzs2jVnFI=

merge-stream@^2.0.0:
  version "2.0.0"
  resolved "https://registry.npm.taobao.org/merge-stream/download/merge-stream-2.0.0.tgz#52823629a14dd00c9770fb6ad47dc6310f2c1f60"
  integrity sha1-UoI2KaFN0AyXcPtq1H3GMQ8sH2A=

mime-db@1.44.0:
  version "1.44.0"
  resolved "https://registry.npm.taobao.org/mime-db/download/mime-db-1.44.0.tgz#fa11c5eb0aca1334b4233cb4d52f10c5a6272f92"
  integrity sha1-+hHF6wrKEzS0Izy01S8QxaYnL5I=

mime-types@^2.1.27:
  version "2.1.27"
  resolved "https://registry.npm.taobao.org/mime-types/download/mime-types-2.1.27.tgz#47949f98e279ea53119f5722e0f34e529bec009f"
  integrity sha1-R5SfmOJ56lMRn1ci4PNOUpvsAJ8=
  dependencies:
    mime-db "1.44.0"

mimic-fn@^2.1.0:
  version "2.1.0"
  resolved "https://registry.npm.taobao.org/mimic-fn/download/mimic-fn-2.1.0.tgz#7ed2c2ccccaf84d3ffcb7a69b57711fc2083401b"
  integrity sha1-ftLCzMyvhNP/y3pptXcR/CCDQBs=

neo-async@^2.6.2:
  version "2.6.2"
  resolved "https://registry.npm.taobao.org/neo-async/download/neo-async-2.6.2.tgz?cache=0&sync_timestamp=1594317437265&other_urls=https%3A%2F%2Fregistry.npm.taobao.org%2Fneo-async%2Fdownload%2Fneo-async-2.6.2.tgz#b4aafb93e3aeb2d8174ca53cf163ab7d7308305f"
  integrity sha1-tKr7k+OustgXTKU88WOrfXMIMF8=

node-releases@^1.1.67:
  version "1.1.67"
  resolved "https://registry.npm.taobao.org/node-releases/download/node-releases-1.1.67.tgz?cache=0&sync_timestamp=1605581302570&other_urls=https%3A%2F%2Fregistry.npm.taobao.org%2Fnode-releases%2Fdownload%2Fnode-releases-1.1.67.tgz#28ebfcccd0baa6aad8e8d4d8fe4cbc49ae239c12"
  integrity sha1-KOv8zNC6pqrY6NTY/ky8Sa4jnBI=

npm-run-path@^4.0.0:
  version "4.0.1"
  resolved "https://registry.npm.taobao.org/npm-run-path/download/npm-run-path-4.0.1.tgz#b7ecd1e5ed53da8e37a55e1c2269e0b97ed748ea"
  integrity sha1-t+zR5e1T2o43pV4cImnguX7XSOo=
  dependencies:
    path-key "^3.0.0"

once@^1.3.1, once@^1.4.0:
  version "1.4.0"
  resolved "https://registry.npm.taobao.org/once/download/once-1.4.0.tgz#583b1aa775961d4b113ac17d9c50baef9dd76bd1"
  integrity sha1-WDsap3WWHUsROsF9nFC6753Xa9E=
  dependencies:
    wrappy "1"

onetime@^5.1.0:
  version "5.1.2"
  resolved "https://registry.npm.taobao.org/onetime/download/onetime-5.1.2.tgz#d0e96ebb56b07476df1dd9c4806e5237985ca45e"
  integrity sha1-0Oluu1awdHbfHdnEgG5SN5hcpF4=
  dependencies:
    mimic-fn "^2.1.0"

p-limit@^2.2.0:
  version "2.3.0"
  resolved "https://registry.npm.taobao.org/p-limit/download/p-limit-2.3.0.tgz?cache=0&sync_timestamp=1606288333421&other_urls=https%3A%2F%2Fregistry.npm.taobao.org%2Fp-limit%2Fdownload%2Fp-limit-2.3.0.tgz#3dd33c647a214fdfffd835933eb086da0dc21db1"
  integrity sha1-PdM8ZHohT9//2DWTPrCG2g3CHbE=
  dependencies:
    p-try "^2.0.0"

p-limit@^3.0.2:
  version "3.1.0"
  resolved "https://registry.npm.taobao.org/p-limit/download/p-limit-3.1.0.tgz?cache=0&sync_timestamp=1606288333421&other_urls=https%3A%2F%2Fregistry.npm.taobao.org%2Fp-limit%2Fdownload%2Fp-limit-3.1.0.tgz#e1daccbe78d0d1388ca18c64fea38e3e57e3706b"
  integrity sha1-4drMvnjQ0TiMoYxk/qOOPlfjcGs=
  dependencies:
    yocto-queue "^0.1.0"

p-locate@^4.1.0:
  version "4.1.0"
  resolved "https://registry.npm.taobao.org/p-locate/download/p-locate-4.1.0.tgz?cache=0&sync_timestamp=1597081369770&other_urls=https%3A%2F%2Fregistry.npm.taobao.org%2Fp-locate%2Fdownload%2Fp-locate-4.1.0.tgz#a3428bb7088b3a60292f66919278b7c297ad4f07"
  integrity sha1-o0KLtwiLOmApL2aRkni3wpetTwc=
  dependencies:
    p-limit "^2.2.0"

p-locate@^5.0.0:
  version "5.0.0"
  resolved "https://registry.npm.taobao.org/p-locate/download/p-locate-5.0.0.tgz?cache=0&sync_timestamp=1597081369770&other_urls=https%3A%2F%2Fregistry.npm.taobao.org%2Fp-locate%2Fdownload%2Fp-locate-5.0.0.tgz#83c8315c6785005e3bd021839411c9e110e6d834"
  integrity sha1-g8gxXGeFAF470CGDlBHJ4RDm2DQ=
  dependencies:
    p-limit "^3.0.2"

p-try@^2.0.0:
  version "2.2.0"
  resolved "https://registry.npm.taobao.org/p-try/download/p-try-2.2.0.tgz#cb2868540e313d61de58fafbe35ce9004d5540e6"
  integrity sha1-yyhoVA4xPWHeWPr741zpAE1VQOY=

path-exists@^4.0.0:
  version "4.0.0"
  resolved "https://registry.npm.taobao.org/path-exists/download/path-exists-4.0.0.tgz#513bdbe2d3b95d7762e8c1137efa195c6c61b5b3"
  integrity sha1-UTvb4tO5XXdi6METfvoZXGxhtbM=

path-key@^3.0.0, path-key@^3.1.0:
  version "3.1.1"
  resolved "https://registry.npm.taobao.org/path-key/download/path-key-3.1.1.tgz#581f6ade658cbba65a0d3380de7753295054f375"
  integrity sha1-WB9q3mWMu6ZaDTOA3ndTKVBU83U=

path-parse@^1.0.6:
  version "1.0.6"
  resolved "https://registry.npm.taobao.org/path-parse/download/path-parse-1.0.6.tgz#d62dbb5679405d72c4737ec58600e9ddcf06d24c"
  integrity sha1-1i27VnlAXXLEc37FhgDp3c8G0kw=

pkg-dir@^4.2.0:
  version "4.2.0"
  resolved "https://registry.npm.taobao.org/pkg-dir/download/pkg-dir-4.2.0.tgz?cache=0&sync_timestamp=1602858957553&other_urls=https%3A%2F%2Fregistry.npm.taobao.org%2Fpkg-dir%2Fdownload%2Fpkg-dir-4.2.0.tgz#f099133df7ede422e81d1d8448270eeb3e4261f3"
  integrity sha1-8JkTPfft5CLoHR2ESCcO6z5CYfM=
  dependencies:
    find-up "^4.0.0"

pkg-dir@^5.0.0:
  version "5.0.0"
  resolved "https://registry.npm.taobao.org/pkg-dir/download/pkg-dir-5.0.0.tgz?cache=0&sync_timestamp=1602858957553&other_urls=https%3A%2F%2Fregistry.npm.taobao.org%2Fpkg-dir%2Fdownload%2Fpkg-dir-5.0.0.tgz#a02d6aebe6ba133a928f74aec20bafdfe6b8e760"
  integrity sha1-oC1q6+a6EzqSj3Suwguv3+a452A=
  dependencies:
    find-up "^5.0.0"

pump@^3.0.0:
  version "3.0.0"
  resolved "https://registry.npm.taobao.org/pump/download/pump-3.0.0.tgz#b4a2116815bde2f4e1ea602354e8c75565107a64"
  integrity sha1-tKIRaBW94vTh6mAjVOjHVWUQemQ=
  dependencies:
    end-of-stream "^1.1.0"
    once "^1.3.1"

punycode@^2.1.0:
  version "2.1.1"
  resolved "https://registry.npm.taobao.org/punycode/download/punycode-2.1.1.tgz#b58b010ac40c22c5657616c8d2c2c02c7bf479ec"
  integrity sha1-tYsBCsQMIsVldhbI0sLALHv0eew=

randombytes@^2.1.0:
  version "2.1.0"
  resolved "https://registry.npm.taobao.org/randombytes/download/randombytes-2.1.0.tgz#df6f84372f0270dc65cdf6291349ab7a473d4f2a"
  integrity sha1-32+ENy8CcNxlzfYpE0mrekc9Tyo=
  dependencies:
    safe-buffer "^5.1.0"

rechoir@^0.7.0:
  version "0.7.0"
  resolved "https://registry.npm.taobao.org/rechoir/download/rechoir-0.7.0.tgz#32650fd52c21ab252aa5d65b19310441c7e03aca"
  integrity sha1-MmUP1SwhqyUqpdZbGTEEQcfgOso=
  dependencies:
    resolve "^1.9.0"

reduce-flatten@^2.0.0:
  version "2.0.0"
  resolved "https://registry.npm.taobao.org/reduce-flatten/download/reduce-flatten-2.0.0.tgz#734fd84e65f375d7ca4465c69798c25c9d10ae27"
  integrity sha1-c0/YTmXzddfKRGXGl5jCXJ0Qric=

resolve-cwd@^3.0.0:
  version "3.0.0"
  resolved "https://registry.npm.taobao.org/resolve-cwd/download/resolve-cwd-3.0.0.tgz#0f0075f1bb2544766cf73ba6a6e2adfebcb13f2d"
  integrity sha1-DwB18bslRHZs9zumpuKt/ryxPy0=
  dependencies:
    resolve-from "^5.0.0"

resolve-from@^5.0.0:
  version "5.0.0"
  resolved "https://registry.npm.taobao.org/resolve-from/download/resolve-from-5.0.0.tgz#c35225843df8f776df21c57557bc087e9dfdfc69"
  integrity sha1-w1IlhD3493bfIcV1V7wIfp39/Gk=

resolve@^1.9.0:
  version "1.19.0"
  resolved "https://registry.npm.taobao.org/resolve/download/resolve-1.19.0.tgz?cache=0&other_urls=https%3A%2F%2Fregistry.npm.taobao.org%2Fresolve%2Fdownload%2Fresolve-1.19.0.tgz#1af5bf630409734a067cae29318aac7fa29a267c"
  integrity sha1-GvW/YwQJc0oGfK4pMYqsf6KaJnw=
  dependencies:
    is-core-module "^2.1.0"
    path-parse "^1.0.6"

safe-buffer@^5.1.0:
  version "5.2.1"
  resolved "https://registry.npm.taobao.org/safe-buffer/download/safe-buffer-5.2.1.tgz#1eaf9fa9bdb1fdd4ec75f58f9cdb4e6b7827eec6"
  integrity sha1-Hq+fqb2x/dTsdfWPnNtOa3gn7sY=

schema-utils@^3.0.0:
  version "3.0.0"
  resolved "https://registry.npm.taobao.org/schema-utils/download/schema-utils-3.0.0.tgz?cache=0&sync_timestamp=1601922251376&other_urls=https%3A%2F%2Fregistry.npm.taobao.org%2Fschema-utils%2Fdownload%2Fschema-utils-3.0.0.tgz#67502f6aa2b66a2d4032b4279a2944978a0913ef"
  integrity sha1-Z1AvaqK2ai1AMrQnmilEl4oJE+8=
  dependencies:
    "@types/json-schema" "^7.0.6"
    ajv "^6.12.5"
    ajv-keywords "^3.5.2"

serialize-javascript@^5.0.1:
  version "5.0.1"
  resolved "https://registry.npm.taobao.org/serialize-javascript/download/serialize-javascript-5.0.1.tgz?cache=0&sync_timestamp=1599740666792&other_urls=https%3A%2F%2Fregistry.npm.taobao.org%2Fserialize-javascript%2Fdownload%2Fserialize-javascript-5.0.1.tgz#7886ec848049a462467a97d3d918ebb2aaf934f4"
  integrity sha1-eIbshIBJpGJGepfT2Rjrsqr5NPQ=
  dependencies:
    randombytes "^2.1.0"

shebang-command@^2.0.0:
  version "2.0.0"
  resolved "https://registry.npm.taobao.org/shebang-command/download/shebang-command-2.0.0.tgz#ccd0af4f8835fbdc265b82461aaf0c36663f34ea"
  integrity sha1-zNCvT4g1+9wmW4JGGq8MNmY/NOo=
  dependencies:
    shebang-regex "^3.0.0"

shebang-regex@^3.0.0:
  version "3.0.0"
  resolved "https://registry.npm.taobao.org/shebang-regex/download/shebang-regex-3.0.0.tgz#ae16f1644d873ecad843b0307b143362d4c42172"
  integrity sha1-rhbxZE2HPsrYQ7AwexQzYtTEIXI=

signal-exit@^3.0.2:
  version "3.0.3"
  resolved "https://registry.npm.taobao.org/signal-exit/download/signal-exit-3.0.3.tgz#a1410c2edd8f077b08b4e253c8eacfcaf057461c"
  integrity sha1-oUEMLt2PB3sItOJTyOrPyvBXRhw=

source-list-map@^2.0.1:
  version "2.0.1"
  resolved "https://registry.npm.taobao.org/source-list-map/download/source-list-map-2.0.1.tgz#3993bd873bfc48479cca9ea3a547835c7c154b34"
  integrity sha1-OZO9hzv8SEecyp6jpUeDXHwVSzQ=

source-map-support@~0.5.19:
  version "0.5.19"
  resolved "https://registry.npm.taobao.org/source-map-support/download/source-map-support-0.5.19.tgz?cache=0&sync_timestamp=1587719517036&other_urls=https%3A%2F%2Fregistry.npm.taobao.org%2Fsource-map-support%2Fdownload%2Fsource-map-support-0.5.19.tgz#a98b62f86dcaf4f67399648c085291ab9e8fed61"
  integrity sha1-qYti+G3K9PZzmWSMCFKRq56P7WE=
  dependencies:
    buffer-from "^1.0.0"
    source-map "^0.6.0"

source-map@^0.6.0, source-map@^0.6.1:
  version "0.6.1"
  resolved "https://registry.npm.taobao.org/source-map/download/source-map-0.6.1.tgz#74722af32e9614e9c287a8d0bbde48b5e2f1a263"
  integrity sha1-dHIq8y6WFOnCh6jQu95IteLxomM=

source-map@~0.7.2:
  version "0.7.3"
  resolved "https://registry.npm.taobao.org/source-map/download/source-map-0.7.3.tgz#5302f8169031735226544092e64981f751750383"
  integrity sha1-UwL4FpAxc1ImVECS5kmB91F1A4M=

strip-final-newline@^2.0.0:
  version "2.0.0"
  resolved "https://registry.npm.taobao.org/strip-final-newline/download/strip-final-newline-2.0.0.tgz#89b852fb2fcbe936f6f4b3187afb0a12c1ab58ad"
  integrity sha1-ibhS+y/L6Tb29LMYevsKEsGrWK0=

supports-color@^5.3.0:
  version "5.5.0"
  resolved "https://registry.npm.taobao.org/supports-color/download/supports-color-5.5.0.tgz#e2e69a44ac8772f78a1ec0b35b689df6530efc8f"
  integrity sha1-4uaaRKyHcveKHsCzW2id9lMO/I8=
  dependencies:
    has-flag "^3.0.0"

supports-color@^7.0.0:
  version "7.2.0"
  resolved "https://registry.npm.taobao.org/supports-color/download/supports-color-7.2.0.tgz#1b7dcdcb32b8138801b3e478ba6a51caa89648da"
  integrity sha1-G33NyzK4E4gBs+R4umpRyqiWSNo=
  dependencies:
    has-flag "^4.0.0"

table-layout@^1.0.1:
  version "1.0.1"
  resolved "https://registry.npm.taobao.org/table-layout/download/table-layout-1.0.1.tgz#8411181ee951278ad0638aea2f779a9ce42894f9"
  integrity sha1-hBEYHulRJ4rQY4rqL3eanOQolPk=
  dependencies:
    array-back "^4.0.1"
    deep-extend "~0.6.0"
    typical "^5.2.0"
    wordwrapjs "^4.0.0"

tapable@^2.1.1, tapable@^2.2.0:
  version "2.2.0"
  resolved "https://registry.npm.taobao.org/tapable/download/tapable-2.2.0.tgz?cache=0&sync_timestamp=1607088824436&other_urls=https%3A%2F%2Fregistry.npm.taobao.org%2Ftapable%2Fdownload%2Ftapable-2.2.0.tgz#5c373d281d9c672848213d0e037d1c4165ab426b"
  integrity sha1-XDc9KB2cZyhIIT0OA30cQWWrQms=

terser-webpack-plugin@^5.0.3:
  version "5.0.3"
  resolved "https://registry.npm.taobao.org/terser-webpack-plugin/download/terser-webpack-plugin-5.0.3.tgz?cache=0&sync_timestamp=1603881727298&other_urls=https%3A%2F%2Fregistry.npm.taobao.org%2Fterser-webpack-plugin%2Fdownload%2Fterser-webpack-plugin-5.0.3.tgz#ec60542db2421f45735c719d2e17dabfbb2e3e42"
  integrity sha1-7GBULbJCH0VzXHGdLhfav7suPkI=
  dependencies:
    jest-worker "^26.6.1"
    p-limit "^3.0.2"
    schema-utils "^3.0.0"
    serialize-javascript "^5.0.1"
    source-map "^0.6.1"
    terser "^5.3.8"

terser@^5.3.8:
  version "5.5.1"
  resolved "https://registry.npm.taobao.org/terser/download/terser-5.5.1.tgz?cache=0&sync_timestamp=1606492233311&other_urls=https%3A%2F%2Fregistry.npm.taobao.org%2Fterser%2Fdownload%2Fterser-5.5.1.tgz#540caa25139d6f496fdea056e414284886fb2289"
  integrity sha1-VAyqJROdb0lv3qBW5BQoSIb7Iok=
  dependencies:
    commander "^2.20.0"
    source-map "~0.7.2"
    source-map-support "~0.5.19"

tslib@^1.9.0:
  version "1.14.1"
  resolved "https://registry.npm.taobao.org/tslib/download/tslib-1.14.1.tgz?cache=0&sync_timestamp=1602286724979&other_urls=https%3A%2F%2Fregistry.npm.taobao.org%2Ftslib%2Fdownload%2Ftslib-1.14.1.tgz#cf2d38bdc34a134bcaf1091c41f6619e2f672d00"
  integrity sha1-zy04vcNKE0vK8QkcQfZhni9nLQA=

typical@^5.0.0, typical@^5.2.0:
  version "5.2.0"
  resolved "https://registry.npm.taobao.org/typical/download/typical-5.2.0.tgz#4daaac4f2b5315460804f0acf6cb69c52bb93066"
  integrity sha1-TaqsTytTFUYIBPCs9stpxSu5MGY=

uri-js@^4.2.2:
  version "4.4.0"
  resolved "https://registry.npm.taobao.org/uri-js/download/uri-js-4.4.0.tgz#aa714261de793e8a82347a7bcc9ce74e86f28602"
  integrity sha1-qnFCYd55PoqCNHp7zJznTobyhgI=
  dependencies:
    punycode "^2.1.0"

v8-compile-cache@^2.2.0:
  version "2.2.0"
  resolved "https://registry.npm.taobao.org/v8-compile-cache/download/v8-compile-cache-2.2.0.tgz?cache=0&sync_timestamp=1603909625582&other_urls=https%3A%2F%2Fregistry.npm.taobao.org%2Fv8-compile-cache%2Fdownload%2Fv8-compile-cache-2.2.0.tgz#9471efa3ef9128d2f7c6a7ca39c4dd6b5055b132"
  integrity sha1-lHHvo++RKNL3xqfKOcTda1BVsTI=

watchpack@^2.0.0:
  version "2.1.0"
  resolved "https://registry.npm.taobao.org/watchpack/download/watchpack-2.1.0.tgz?cache=0&sync_timestamp=1607687453840&other_urls=https%3A%2F%2Fregistry.npm.taobao.org%2Fwatchpack%2Fdownload%2Fwatchpack-2.1.0.tgz#e63194736bf3aa22026f7b191cd57907b0f9f696"
  integrity sha1-5jGUc2vzqiICb3sZHNV5B7D59pY=
  dependencies:
    glob-to-regexp "^0.4.1"
    graceful-fs "^4.1.2"

webpack-cli@^4.2.0:
  version "4.2.0"
  resolved "https://registry.npm.taobao.org/webpack-cli/download/webpack-cli-4.2.0.tgz?cache=0&sync_timestamp=1604513686293&other_urls=https%3A%2F%2Fregistry.npm.taobao.org%2Fwebpack-cli%2Fdownload%2Fwebpack-cli-4.2.0.tgz#10a09030ad2bd4d8b0f78322fba6ea43ec56aaaa"
  integrity sha1-EKCQMK0r1Niw94Mi+6bqQ+xWqqo=
  dependencies:
    "@webpack-cli/info" "^1.1.0"
    "@webpack-cli/serve" "^1.1.0"
    colorette "^1.2.1"
    command-line-usage "^6.1.0"
    commander "^6.2.0"
    enquirer "^2.3.6"
    execa "^4.1.0"
    import-local "^3.0.2"
    interpret "^2.2.0"
    leven "^3.1.0"
    rechoir "^0.7.0"
    v8-compile-cache "^2.2.0"
    webpack-merge "^4.2.2"

webpack-merge@^4.2.2:
  version "4.2.2"
  resolved "https://registry.npm.taobao.org/webpack-merge/download/webpack-merge-4.2.2.tgz?cache=0&sync_timestamp=1608125742820&other_urls=https%3A%2F%2Fregistry.npm.taobao.org%2Fwebpack-merge%2Fdownload%2Fwebpack-merge-4.2.2.tgz#a27c52ea783d1398afd2087f547d7b9d2f43634d"
  integrity sha1-onxS6ng9E5iv0gh/VH17nS9DY00=
  dependencies:
    lodash "^4.17.15"

webpack-sources@^2.1.1:
  version "2.2.0"
  resolved "https://registry.npm.taobao.org/webpack-sources/download/webpack-sources-2.2.0.tgz?cache=0&sync_timestamp=1603965301737&other_urls=https%3A%2F%2Fregistry.npm.taobao.org%2Fwebpack-sources%2Fdownload%2Fwebpack-sources-2.2.0.tgz#058926f39e3d443193b6c31547229806ffd02bac"
  integrity sha1-BYkm8549RDGTtsMVRyKYBv/QK6w=
  dependencies:
    source-list-map "^2.0.1"
    source-map "^0.6.1"

webpack@^5.11.0:
  version "5.11.0"
  resolved "https://registry.npm.taobao.org/webpack/download/webpack-5.11.0.tgz?cache=0&sync_timestamp=1608219629155&other_urls=https%3A%2F%2Fregistry.npm.taobao.org%2Fwebpack%2Fdownload%2Fwebpack-5.11.0.tgz#1647abc060441d86d01d8835b8f0fc1dae2fe76f"
  integrity sha1-FkerwGBEHYbQHYg1uPD8Ha4v528=
  dependencies:
    "@types/eslint-scope" "^3.7.0"
    "@types/estree" "^0.0.45"
    "@webassemblyjs/ast" "1.9.1"
    "@webassemblyjs/helper-module-context" "1.9.1"
    "@webassemblyjs/wasm-edit" "1.9.1"
    "@webassemblyjs/wasm-parser" "1.9.1"
    acorn "^8.0.4"
    browserslist "^4.14.5"
    chrome-trace-event "^1.0.2"
    enhanced-resolve "^5.3.1"
    eslint-scope "^5.1.1"
    events "^3.2.0"
    glob-to-regexp "^0.4.1"
    graceful-fs "^4.2.4"
    json-parse-better-errors "^1.0.2"
    loader-runner "^4.1.0"
    mime-types "^2.1.27"
    neo-async "^2.6.2"
    pkg-dir "^5.0.0"
    schema-utils "^3.0.0"
    tapable "^2.1.1"
    terser-webpack-plugin "^5.0.3"
    watchpack "^2.0.0"
    webpack-sources "^2.1.1"

which@^2.0.1:
  version "2.0.2"
  resolved "https://registry.npm.taobao.org/which/download/which-2.0.2.tgz#7c6a8dd0a636a0327e10b59c9286eee93f3f51b1"
  integrity sha1-fGqN0KY2oDJ+ELWckobu6T8/UbE=
  dependencies:
    isexe "^2.0.0"

wordwrapjs@^4.0.0:
  version "4.0.0"
  resolved "https://registry.npm.taobao.org/wordwrapjs/download/wordwrapjs-4.0.0.tgz#9aa9394155993476e831ba8e59fb5795ebde6800"
  integrity sha1-mqk5QVWZNHboMbqOWftXleveaAA=
  dependencies:
    reduce-flatten "^2.0.0"
    typical "^5.0.0"

wrappy@1:
  version "1.0.2"
  resolved "https://registry.npm.taobao.org/wrappy/download/wrappy-1.0.2.tgz#b5243d8f3ec1aa35f1364605bc0d1036e30ab69f"
  integrity sha1-tSQ9jz7BqjXxNkYFvA0QNuMKtp8=

yocto-queue@^0.1.0:
  version "0.1.0"
  resolved "https://registry.npm.taobao.org/yocto-queue/download/yocto-queue-0.1.0.tgz?cache=0&sync_timestamp=1606290212047&other_urls=https%3A%2F%2Fregistry.npm.taobao.org%2Fyocto-queue%2Fdownload%2Fyocto-queue-0.1.0.tgz#0294eb3dee05028d31ee1a5fa2c556a6aaf10a1b"
  integrity sha1-ApTrPe4FAo0x7hpfosVWpqrxChs=
